uuid: e9d87d28-c564-4bac-91d2-d2720d2a13a8
langcode: en
status: true
dependencies:
  config:
    - block_content.type.image_figure_block
id: block_content.image_figure_block
target_entity_type_id: block_content
target_bundle: image_figure_block
default_langcode: site_default
language_alterable: false
